
Microsoft Visual Studio Solution File, Format Version 12.00
# Visual Studio 2013
VisualStudioVersion = 12.0.31101.0
MinimumVisualStudioVersion = 10.0.40219.1
Project("{FAE04EC0-301F-11D3-BF4B-00C04F79EFBC}") = "OpenORPG.Server", "OpenORPG.Server\OpenORPG.Server.csproj", "{79A11015-B16C-4A65-ADC4-FB8406DAE5DD}"
EndProject
Project("{2150E333-8FDC-42A3-9474-1A3956D46DE8}") = ".nuget", ".nuget", "{BDE4B584-BCE8-4A28-A09F-F665705037D3}"
	ProjectSection(SolutionItems) = preProject
		.nuget\packages.config = .nuget\packages.config
	EndProjectSection
EndProject
Project("{FAE04EC0-301F-11D3-BF4B-00C04F79EFBC}") = "TiledSharp", "TiledSharp\TiledSharp.csproj", "{E4130F8D-D301-4E0C-916D-489C4A23C9B1}"
EndProject
Project("{FAE04EC0-301F-11D3-BF4B-00C04F79EFBC}") = "OpenORPG.Database", "OpenORPG.Database\OpenORPG.Database.csproj", "{6647DFC1-45B7-4AB1-8817-242063CB6A8C}"
EndProject
Project("{FAE04EC0-301F-11D3-BF4B-00C04F79EFBC}") = "OpenORPG.ContentProcessor", "OpenORPG.ContentProcessor\OpenORPG.ContentProcessor.csproj", "{A367785F-DE8E-4A59-BADD-9A0526B13CCF}"
EndProject
Project("{FAE04EC0-301F-11D3-BF4B-00C04F79EFBC}") = "OpenORPG.Server.Scripts", "OpenORPG.Server.Scripts\OpenORPG.Server.Scripts.csproj", "{BD4BDE0B-5907-4C9F-A297-00CB80B0AEB8}"
EndProject
Project("{FAE04EC0-301F-11D3-BF4B-00C04F79EFBC}") = "OpenORPG.TypeScriptClient", "OpenORPG.TypeScriptClient\OpenORPG.TypeScriptClient.csproj", "{10477381-8EC3-4DE5-9842-3003C5E2B6A3}"
EndProject
Project("{FAE04EC0-301F-11D3-BF4B-00C04F79EFBC}") = "OpenORPG.Toolkit", "OpenORPG.Toolkit\OpenORPG.Toolkit.csproj", "{C2084DD3-27C2-4EC8-86BA-AD82C5E01C5C}"
EndProject
Project("{FAE04EC0-301F-11D3-BF4B-00C04F79EFBC}") = "OpenORPG.Common", "OpenORPG.Common\OpenORPG.Common.csproj", "{13C7C389-73F1-49AD-BB83-1B8805AFABEA}"
EndProject
Global
	GlobalSection(SolutionConfigurationPlatforms) = preSolution
		Debug Client|Any CPU = Debug Client|Any CPU
		Debug|Any CPU = Debug|Any CPU
		Release|Any CPU = Release|Any CPU
	EndGlobalSection
	GlobalSection(ProjectConfigurationPlatforms) = postSolution
		{79A11015-B16C-4A65-ADC4-FB8406DAE5DD}.Debug Client|Any CPU.ActiveCfg = Debug|Any CPU
		{79A11015-B16C-4A65-ADC4-FB8406DAE5DD}.Debug Client|Any CPU.Build.0 = Debug|Any CPU
		{79A11015-B16C-4A65-ADC4-FB8406DAE5DD}.Debug|Any CPU.ActiveCfg = Debug|Any CPU
		{79A11015-B16C-4A65-ADC4-FB8406DAE5DD}.Debug|Any CPU.Build.0 = Debug|Any CPU
		{79A11015-B16C-4A65-ADC4-FB8406DAE5DD}.Release|Any CPU.ActiveCfg = Release|Any CPU
		{79A11015-B16C-4A65-ADC4-FB8406DAE5DD}.Release|Any CPU.Build.0 = Release|Any CPU
		{E4130F8D-D301-4E0C-916D-489C4A23C9B1}.Debug Client|Any CPU.ActiveCfg = Debug|Any CPU
		{E4130F8D-D301-4E0C-916D-489C4A23C9B1}.Debug Client|Any CPU.Build.0 = Debug|Any CPU
		{E4130F8D-D301-4E0C-916D-489C4A23C9B1}.Debug|Any CPU.ActiveCfg = Debug|Any CPU
		{E4130F8D-D301-4E0C-916D-489C4A23C9B1}.Debug|Any CPU.Build.0 = Debug|Any CPU
		{E4130F8D-D301-4E0C-916D-489C4A23C9B1}.Release|Any CPU.ActiveCfg = Release|Any CPU
		{E4130F8D-D301-4E0C-916D-489C4A23C9B1}.Release|Any CPU.Build.0 = Release|Any CPU
		{6647DFC1-45B7-4AB1-8817-242063CB6A8C}.Debug Client|Any CPU.ActiveCfg = Debug|Any CPU
		{6647DFC1-45B7-4AB1-8817-242063CB6A8C}.Debug Client|Any CPU.Build.0 = Debug|Any CPU
		{6647DFC1-45B7-4AB1-8817-242063CB6A8C}.Debug|Any CPU.ActiveCfg = Debug|Any CPU
		{6647DFC1-45B7-4AB1-8817-242063CB6A8C}.Debug|Any CPU.Build.0 = Debug|Any CPU
		{6647DFC1-45B7-4AB1-8817-242063CB6A8C}.Release|Any CPU.ActiveCfg = Release|Any CPU
		{6647DFC1-45B7-4AB1-8817-242063CB6A8C}.Release|Any CPU.Build.0 = Release|Any CPU
		{A367785F-DE8E-4A59-BADD-9A0526B13CCF}.Debug Client|Any CPU.ActiveCfg = Debug|Any CPU
		{A367785F-DE8E-4A59-BADD-9A0526B13CCF}.Debug Client|Any CPU.Build.0 = Debug|Any CPU
		{A367785F-DE8E-4A59-BADD-9A0526B13CCF}.Debug|Any CPU.ActiveCfg = Debug|Any CPU
		{A367785F-DE8E-4A59-BADD-9A0526B13CCF}.Debug|Any CPU.Build.0 = Debug|Any CPU
		{A367785F-DE8E-4A59-BADD-9A0526B13CCF}.Release|Any CPU.ActiveCfg = Release|Any CPU
		{A367785F-DE8E-4A59-BADD-9A0526B13CCF}.Release|Any CPU.Build.0 = Release|Any CPU
		{BD4BDE0B-5907-4C9F-A297-00CB80B0AEB8}.Debug Client|Any CPU.ActiveCfg = Debug|Any CPU
		{BD4BDE0B-5907-4C9F-A297-00CB80B0AEB8}.Debug Client|Any CPU.Build.0 = Debug|Any CPU
		{BD4BDE0B-5907-4C9F-A297-00CB80B0AEB8}.Debug|Any CPU.ActiveCfg = Debug|Any CPU
		{BD4BDE0B-5907-4C9F-A297-00CB80B0AEB8}.Debug|Any CPU.Build.0 = Debug|Any CPU
		{BD4BDE0B-5907-4C9F-A297-00CB80B0AEB8}.Release|Any CPU.ActiveCfg = Release|Any CPU
		{BD4BDE0B-5907-4C9F-A297-00CB80B0AEB8}.Release|Any CPU.Build.0 = Release|Any CPU
		{10477381-8EC3-4DE5-9842-3003C5E2B6A3}.Debug Client|Any CPU.ActiveCfg = Debug|Any CPU
		{10477381-8EC3-4DE5-9842-3003C5E2B6A3}.Debug Client|Any CPU.Build.0 = Debug|Any CPU
		{10477381-8EC3-4DE5-9842-3003C5E2B6A3}.Debug|Any CPU.ActiveCfg = Debug|Any CPU
		{10477381-8EC3-4DE5-9842-3003C5E2B6A3}.Debug|Any CPU.Build.0 = Debug|Any CPU
		{10477381-8EC3-4DE5-9842-3003C5E2B6A3}.Release|Any CPU.ActiveCfg = Release|Any CPU
		{10477381-8EC3-4DE5-9842-3003C5E2B6A3}.Release|Any CPU.Build.0 = Release|Any CPU
		{C2084DD3-27C2-4EC8-86BA-AD82C5E01C5C}.Debug Client|Any CPU.ActiveCfg = Debug|Any CPU
		{C2084DD3-27C2-4EC8-86BA-AD82C5E01C5C}.Debug Client|Any CPU.Build.0 = Debug|Any CPU
		{C2084DD3-27C2-4EC8-86BA-AD82C5E01C5C}.Debug|Any CPU.ActiveCfg = Debug|Any CPU
		{C2084DD3-27C2-4EC8-86BA-AD82C5E01C5C}.Debug|Any CPU.Build.0 = Debug|Any CPU
		{C2084DD3-27C2-4EC8-86BA-AD82C5E01C5C}.Release|Any CPU.ActiveCfg = Release|Any CPU
		{C2084DD3-27C2-4EC8-86BA-AD82C5E01C5C}.Release|Any CPU.Build.0 = Release|Any CPU
		{13C7C389-73F1-49AD-BB83-1B8805AFABEA}.Debug Client|Any CPU.ActiveCfg = Debug|Any CPU
		{13C7C389-73F1-49AD-BB83-1B8805AFABEA}.Debug Client|Any CPU.Build.0 = Debug|Any CPU
		{13C7C389-73F1-49AD-BB83-1B8805AFABEA}.Debug|Any CPU.ActiveCfg = Debug|Any CPU
		{13C7C389-73F1-49AD-BB83-1B8805AFABEA}.Debug|Any CPU.Build.0 = Debug|Any CPU
		{13C7C389-73F1-49AD-BB83-1B8805AFABEA}.Release|Any CPU.ActiveCfg = Release|Any CPU
		{13C7C389-73F1-49AD-BB83-1B8805AFABEA}.Release|Any CPU.Build.0 = Release|Any CPU
	EndGlobalSection
	GlobalSection(SolutionProperties) = preSolution
		HideSolutionNode = FALSE
	EndGlobalSection
EndGlobal
